
Microsoft Visual Studio Solution File, Format Version 12.00
Project("{FAE04EC0-301F-11D3-BF4B-00C04F79EFBC}") = "DotFedServer", "DotFedServer\DotFedServer.csproj", "{34C9995E-1922-4FF9-B5C6-68D7DAB72726}"
EndProject
Global
	GlobalSection(SolutionConfigurationPlatforms) = preSolution
		Debug|Any CPU = Debug|Any CPU
		Release|Any CPU = Release|Any CPU
	EndGlobalSection
	GlobalSection(ProjectConfigurationPlatforms) = postSolution
		{34C9995E-1922-4FF9-B5C6-68D7DAB72726}.Debug|Any CPU.ActiveCfg = Debug|Any CPU
		{34C9995E-1922-4FF9-B5C6-68D7DAB72726}.Debug|Any CPU.Build.0 = Debug|Any CPU
		{34C9995E-1922-4FF9-B5C6-68D7DAB72726}.Release|Any CPU.ActiveCfg = Release|Any CPU
		{34C9995E-1922-4FF9-B5C6-68D7DAB72726}.Release|Any CPU.Build.0 = Release|Any CPU
	EndGlobalSection
EndGlobal
